
Microsoft Visual Studio Solution File, Format Version 12.00
# Visual Studio Version 17
VisualStudioVersion = 17.7.34024.191
MinimumVisualStudioVersion = 10.0.40219.1
Project("{FAE04EC0-301F-11D3-BF4B-00C04F79EFBC}") = "ACM.BL", "ACM.BL\ACM.BL.csproj", "{BC0C57A7-E578-4069-9884-4DFB3ADD99F9}"
EndProject
Project("{2150E333-8FDC-42A3-9474-1A3956D46DE8}") = "Tests", "Tests", "{F000EE9F-814F-46B8-BD2E-D030690B7BE7}"
EndProject
Project("{FAE04EC0-301F-11D3-BF4B-00C04F79EFBC}") = "ACM.BLTest", "Tests\ACM.BLTest\ACM.BLTest.csproj", "{1B44C400-1F1C-4BE2-A835-F541A60532D6}"
EndProject
Project("{FAE04EC0-301F-11D3-BF4B-00C04F79EFBC}") = "Acme.Common", "Acme.Common\Acme.Common.csproj", "{B875C1AE-AF59-45A9-91EC-B0D45D57761D}"
EndProject
Project("{FAE04EC0-301F-11D3-BF4B-00C04F79EFBC}") = "Acme.CommonTest", "Tests\Acme.CommonTest\Acme.CommonTest.csproj", "{7611823D-C515-4739-9CC8-30644741D402}"
EndProject
Global
	GlobalSection(SolutionConfigurationPlatforms) = preSolution
		Debug|Any CPU = Debug|Any CPU
		Release|Any CPU = Release|Any CPU
	EndGlobalSection
	GlobalSection(ProjectConfigurationPlatforms) = postSolution
		{BC0C57A7-E578-4069-9884-4DFB3ADD99F9}.Debug|Any CPU.ActiveCfg = Debug|Any CPU
		{BC0C57A7-E578-4069-9884-4DFB3ADD99F9}.Debug|Any CPU.Build.0 = Debug|Any CPU
		{BC0C57A7-E578-4069-9884-4DFB3ADD99F9}.Release|Any CPU.ActiveCfg = Release|Any CPU
		{BC0C57A7-E578-4069-9884-4DFB3ADD99F9}.Release|Any CPU.Build.0 = Release|Any CPU
		{1B44C400-1F1C-4BE2-A835-F541A60532D6}.Debug|Any CPU.ActiveCfg = Debug|Any CPU
		{1B44C400-1F1C-4BE2-A835-F541A60532D6}.Debug|Any CPU.Build.0 = Debug|Any CPU
		{1B44C400-1F1C-4BE2-A835-F541A60532D6}.Release|Any CPU.ActiveCfg = Release|Any CPU
		{1B44C400-1F1C-4BE2-A835-F541A60532D6}.Release|Any CPU.Build.0 = Release|Any CPU
		{B875C1AE-AF59-45A9-91EC-B0D45D57761D}.Debug|Any CPU.ActiveCfg = Debug|Any CPU
		{B875C1AE-AF59-45A9-91EC-B0D45D57761D}.Debug|Any CPU.Build.0 = Debug|Any CPU
		{B875C1AE-AF59-45A9-91EC-B0D45D57761D}.Release|Any CPU.ActiveCfg = Release|Any CPU
		{B875C1AE-AF59-45A9-91EC-B0D45D57761D}.Release|Any CPU.Build.0 = Release|Any CPU
		{7611823D-C515-4739-9CC8-30644741D402}.Debug|Any CPU.ActiveCfg = Debug|Any CPU
		{7611823D-C515-4739-9CC8-30644741D402}.Debug|Any CPU.Build.0 = Debug|Any CPU
		{7611823D-C515-4739-9CC8-30644741D402}.Release|Any CPU.ActiveCfg = Release|Any CPU
		{7611823D-C515-4739-9CC8-30644741D402}.Release|Any CPU.Build.0 = Release|Any CPU
	EndGlobalSection
	GlobalSection(SolutionProperties) = preSolution
		HideSolutionNode = FALSE
	EndGlobalSection
	GlobalSection(NestedProjects) = preSolution
		{1B44C400-1F1C-4BE2-A835-F541A60532D6} = {F000EE9F-814F-46B8-BD2E-D030690B7BE7}
		{7611823D-C515-4739-9CC8-30644741D402} = {F000EE9F-814F-46B8-BD2E-D030690B7BE7}
	EndGlobalSection
	GlobalSection(ExtensibilityGlobals) = postSolution
		SolutionGuid = {C5003B75-8E2A-44F7-A338-98B88BF9392A}
	EndGlobalSection
EndGlobal
